
Microsoft Visual Studio Solution File, Format Version 12.00
# Visual Studio Version 17
VisualStudioVersion = 17.9.34607.119
MinimumVisualStudioVersion = 10.0.40219.1
Project("{FAE04EC0-301F-11D3-BF4B-00C04F79EFBC}") = "practice loops", "practice loops\practice loops.csproj", "{5AEB3ECB-9332-42F2-9B1C-E936727479DF}"
EndProject
Global
	GlobalSection(SolutionConfigurationPlatforms) = preSolution
		Debug|Any CPU = Debug|Any CPU
		Release|Any CPU = Release|Any CPU
	EndGlobalSection
	GlobalSection(ProjectConfigurationPlatforms) = postSolution
		{5AEB3ECB-9332-42F2-9B1C-E936727479DF}.Debug|Any CPU.ActiveCfg = Debug|Any CPU
		{5AEB3ECB-9332-42F2-9B1C-E936727479DF}.Debug|Any CPU.Build.0 = Debug|Any CPU
		{5AEB3ECB-9332-42F2-9B1C-E936727479DF}.Release|Any CPU.ActiveCfg = Release|Any CPU
		{5AEB3ECB-9332-42F2-9B1C-E936727479DF}.Release|Any CPU.Build.0 = Release|Any CPU
	EndGlobalSection
	GlobalSection(SolutionProperties) = preSolution
		HideSolutionNode = FALSE
	EndGlobalSection
	GlobalSection(ExtensibilityGlobals) = postSolution
		SolutionGuid = {DABB2A64-4C5C-4FF8-B78F-3DE503F416C7}
	EndGlobalSection
EndGlobal
